
Microsoft Visual Studio Solution File, Format Version 12.00
# Visual Studio Version 16
VisualStudioVersion = 16.0.31624.102
MinimumVisualStudioVersion = 10.0.40219.1
Project("{FAE04EC0-301F-11D3-BF4B-00C04F79EFBC}") = "UsersCRUD", "UsersCRUD.csproj", "{AC788B77-B4EE-44EE-973A-6AF9EE3D6A3A}"
EndProject
Global
	GlobalSection(SolutionConfigurationPlatforms) = preSolution
		Debug|Any CPU = Debug|Any CPU
		Release|Any CPU = Release|Any CPU
	EndGlobalSection
	GlobalSection(ProjectConfigurationPlatforms) = postSolution
		{AC788B77-B4EE-44EE-973A-6AF9EE3D6A3A}.Debug|Any CPU.ActiveCfg = Debug|Any CPU
		{AC788B77-B4EE-44EE-973A-6AF9EE3D6A3A}.Debug|Any CPU.Build.0 = Debug|Any CPU
		{AC788B77-B4EE-44EE-973A-6AF9EE3D6A3A}.Release|Any CPU.ActiveCfg = Release|Any CPU
		{AC788B77-B4EE-44EE-973A-6AF9EE3D6A3A}.Release|Any CPU.Build.0 = Release|Any CPU
	EndGlobalSection
	GlobalSection(SolutionProperties) = preSolution
		HideSolutionNode = FALSE
	EndGlobalSection
	GlobalSection(ExtensibilityGlobals) = postSolution
		SolutionGuid = {490DAAB5-63C3-4E40-AC59-0FC0A8C1FEEA}
	EndGlobalSection
EndGlobal
